// !$*UTF8*$!
{
	archiveVersion = 1;
	classes = {
	};
	objectVersion = 48;
	objects = {

/* Begin PBXBuildFile section */
		F20B448D1FCEAE05001347F5 /* CardFirstVC.m in Sources */ = {isa = PBXBuildFile; fileRef = F20B448C1FCEAE05001347F5 /* CardFirstVC.m */; };
		F20B44901FCEAE13001347F5 /* SecondViewController.m in Sources */ = {isa = PBXBuildFile; fileRef = F20B448F1FCEAE13001347F5 /* SecondViewController.m */; };
		F20B44931FCEAF94001347F5 /* CardFlowLayout.m in Sources */ = {isa = PBXBuildFile; fileRef = F20B44921FCEAF94001347F5 /* CardFlowLayout.m */; };
		F20B44961FCEAFE8001347F5 /* CardTransition.m in Sources */ = {isa = PBXBuildFile; fileRef = F20B44951FCEAFE8001347F5 /* CardTransition.m */; };
		F20B44991FCEB019001347F5 /* CardScrollView.m in Sources */ = {isa = PBXBuildFile; fileRef = F20B44981FCEB019001347F5 /* CardScrollView.m */; };
		F20B449C1FCEB03B001347F5 /* CardCell.m in Sources */ = {isa = PBXBuildFile; fileRef = F20B449B1FCEB03B001347F5 /* CardCell.m */; };
		F20B449F1FCEB066001347F5 /* CardStarView.m in Sources */ = {isa = PBXBuildFile; fileRef = F20B449E1FCEB066001347F5 /* CardStarView.m */; };
		F20B44A21FCEB0CD001347F5 /* Pilot.m in Sources */ = {isa = PBXBuildFile; fileRef = F20B44A11FCEB0CD001347F5 /* Pilot.m */; };
		F20B44A51FCEB0EB001347F5 /* Rocker.m in Sources */ = {isa = PBXBuildFile; fileRef = F20B44A41FCEB0EB001347F5 /* Rocker.m */; };
		F23AD86F1FBD7821004BA1F6 /* AppDelegate.m in Sources */ = {isa = PBXBuildFile; fileRef = F23AD86E1FBD7821004BA1F6 /* AppDelegate.m */; };
		F23AD8721FBD7821004BA1F6 /* ViewController.m in Sources */ = {isa = PBXBuildFile; fileRef = F23AD8711FBD7821004BA1F6 /* ViewController.m */; };
		F23AD8751FBD7821004BA1F6 /* Main.storyboard in Resources */ = {isa = PBXBuildFile; fileRef = F23AD8731FBD7821004BA1F6 /* Main.storyboard */; };
		F23AD8771FBD7821004BA1F6 /* Assets.xcassets in Resources */ = {isa = PBXBuildFile; fileRef = F23AD8761FBD7821004BA1F6 /* Assets.xcassets */; };
		F23AD87A1FBD7821004BA1F6 /* LaunchScreen.storyboard in Resources */ = {isa = PBXBuildFile; fileRef = F23AD8781FBD7821004BA1F6 /* LaunchScreen.storyboard */; };
		F23AD87D1FBD7821004BA1F6 /* main.m in Sources */ = {isa = PBXBuildFile; fileRef = F23AD87C1FBD7821004BA1F6 /* main.m */; };
		F23AD8871FBD7821004BA1F6 /* LoadAnimationTests.m in Sources */ = {isa = PBXBuildFile; fileRef = F23AD8861FBD7821004BA1F6 /* LoadAnimationTests.m */; };
		F23AD8921FBD7821004BA1F6 /* LoadAnimationUITests.m in Sources */ = {isa = PBXBuildFile; fileRef = F23AD8911FBD7821004BA1F6 /* LoadAnimationUITests.m */; };
		F23AD8C11FBD80F2004BA1F6 /* LoadAnimateView.m in Sources */ = {isa = PBXBuildFile; fileRef = F23AD8A51FBD80F2004BA1F6 /* LoadAnimateView.m */; };
		F23AD8CF1FBD8377004BA1F6 /* YYWeakProxy.m in Sources */ = {isa = PBXBuildFile; fileRef = F23AD8CD1FBD8377004BA1F6 /* YYWeakProxy.m */; };
		F23AD8EA1FBD8AB3004BA1F6 /* NSLayoutConstraint+MASDebugAdditions.m in Sources */ = {isa = PBXBuildFile; fileRef = F23AD8D21FBD8AB3004BA1F6 /* NSLayoutConstraint+MASDebugAdditions.m */; };
		F23AD8EB1FBD8AB3004BA1F6 /* ViewController+MASAdditions.m in Sources */ = {isa = PBXBuildFile; fileRef = F23AD8DB1FBD8AB3004BA1F6 /* ViewController+MASAdditions.m */; };
		F23AD8EC1FBD8AB3004BA1F6 /* MASCompositeConstraint.m in Sources */ = {isa = PBXBuildFile; fileRef = F23AD8DF1FBD8AB3004BA1F6 /* MASCompositeConstraint.m */; };
		F23AD8ED1FBD8AB3004BA1F6 /* MASConstraintMaker.m in Sources */ = {isa = PBXBuildFile; fileRef = F23AD8E01FBD8AB3004BA1F6 /* MASConstraintMaker.m */; };
		F23AD8EE1FBD8AB3004BA1F6 /* MASLayoutConstraint.m in Sources */ = {isa = PBXBuildFile; fileRef = F23AD8E11FBD8AB3004BA1F6 /* MASLayoutConstraint.m */; };
		F23AD8EF1FBD8AB3004BA1F6 /* NSArray+MASAdditions.m in Sources */ = {isa = PBXBuildFile; fileRef = F23AD8E21FBD8AB3004BA1F6 /* NSArray+MASAdditions.m */; };
		F23AD8F01FBD8AB3004BA1F6 /* View+MASAdditions.m in Sources */ = {isa = PBXBuildFile; fileRef = F23AD8E31FBD8AB3004BA1F6 /* View+MASAdditions.m */; };
		F23AD8F11FBD8AB3004BA1F6 /* MASConstraint.m in Sources */ = {isa = PBXBuildFile; fileRef = F23AD8E61FBD8AB3004BA1F6 /* MASConstraint.m */; };
		F23AD8F21FBD8AB3004BA1F6 /* MASViewConstraint.m in Sources */ = {isa = PBXBuildFile; fileRef = F23AD8E81FBD8AB3004BA1F6 /* MASViewConstraint.m */; };
		F23AD8F31FBD8AB3004BA1F6 /* MASViewAttribute.m in Sources */ = {isa = PBXBuildFile; fileRef = F23AD8E91FBD8AB3004BA1F6 /* MASViewAttribute.m */; };
		F25319521FCCFA830094CFBA /* RockerView.m in Sources */ = {isa = PBXBuildFile; fileRef = F25319511FCCFA830094CFBA /* RockerView.m */; };
		F25319541FCD30710094CFBA /* RockerView.xib in Resources */ = {isa = PBXBuildFile; fileRef = F25319531FCD30710094CFBA /* RockerView.xib */; };
/* End PBXBuildFile section */

/* Begin PBXContainerItemProxy section */
		F23AD8831FBD7821004BA1F6 /* PBXContainerItemProxy */ = {
			isa = PBXContainerItemProxy;
			containerPortal = F23AD8621FBD7821004BA1F6 /* Project object */;
			proxyType = 1;
			remoteGlobalIDString = F23AD8691FBD7821004BA1F6;
			remoteInfo = LoadAnimation;
		};
		F23AD88E1FBD7821004BA1F6 /* PBXContainerItemProxy */ = {
			isa = PBXContainerItemProxy;
			containerPortal = F23AD8621FBD7821004BA1F6 /* Project object */;
			proxyType = 1;
			remoteGlobalIDString = F23AD8691FBD7821004BA1F6;
			remoteInfo = LoadAnimation;
		};
/* End PBXContainerItemProxy section */

/* Begin PBXFileReference section */
		F20B448B1FCEAE05001347F5 /* CardFirstVC.h */ = {isa = PBXFileReference; lastKnownFileType = sourcecode.c.h; path = CardFirstVC.h; sourceTree = "<group>"; };
		F20B448C1FCEAE05001347F5 /* CardFirstVC.m */ = {isa = PBXFileReference; lastKnownFileType = sourcecode.c.objc; path = CardFirstVC.m; sourceTree = "<group>"; };
		F20B448E1FCEAE13001347F5 /* SecondViewController.h */ = {isa = PBXFileReference; lastKnownFileType = sourcecode.c.h; path = SecondViewController.h; sourceTree = "<group>"; };
		F20B448F1FCEAE13001347F5 /* SecondViewController.m */ = {isa = PBXFileReference; lastKnownFileType = sourcecode.c.objc; path = SecondViewController.m; sourceTree = "<group>"; };
		F20B44911FCEAF94001347F5 /* CardFlowLayout.h */ = {isa = PBXFileReference; lastKnownFileType = sourcecode.c.h; path = CardFlowLayout.h; sourceTree = "<group>"; };
		F20B44921FCEAF94001347F5 /* CardFlowLayout.m */ = {isa = PBXFileReference; lastKnownFileType = sourcecode.c.objc; path = CardFlowLayout.m; sourceTree = "<group>"; };
		F20B44941FCEAFE8001347F5 /* CardTransition.h */ = {isa = PBXFileReference; lastKnownFileType = sourcecode.c.h; path = CardTransition.h; sourceTree = "<group>"; };
		F20B44951FCEAFE8001347F5 /* CardTransition.m */ = {isa = PBXFileReference; lastKnownFileType = sourcecode.c.objc; path = CardTransition.m; sourceTree = "<group>"; };
		F20B44971FCEB019001347F5 /* CardScrollView.h */ = {isa = PBXFileReference; lastKnownFileType = sourcecode.c.h; path = CardScrollView.h; sourceTree = "<group>"; };
		F20B44981FCEB019001347F5 /* CardScrollView.m */ = {isa = PBXFileReference; lastKnownFileType = sourcecode.c.objc; path = CardScrollView.m; sourceTree = "<group>"; };
		F20B449A1FCEB03B001347F5 /* CardCell.h */ = {isa = PBXFileReference; lastKnownFileType = sourcecode.c.h; path = CardCell.h; sourceTree = "<group>"; };
		F20B449B1FCEB03B001347F5 /* CardCell.m */ = {isa = PBXFileReference; lastKnownFileType = sourcecode.c.objc; path = CardCell.m; sourceTree = "<group>"; };
		F20B449D1FCEB066001347F5 /* CardStarView.h */ = {isa = PBXFileReference; lastKnownFileType = sourcecode.c.h; path = CardStarView.h; sourceTree = "<group>"; };
		F20B449E1FCEB066001347F5 /* CardStarView.m */ = {isa = PBXFileReference; lastKnownFileType = sourcecode.c.objc; path = CardStarView.m; sourceTree = "<group>"; };
		F20B44A01FCEB0CD001347F5 /* Pilot.h */ = {isa = PBXFileReference; lastKnownFileType = sourcecode.c.h; path = Pilot.h; sourceTree = "<group>"; };
		F20B44A11FCEB0CD001347F5 /* Pilot.m */ = {isa = PBXFileReference; lastKnownFileType = sourcecode.c.objc; path = Pilot.m; sourceTree = "<group>"; };
		F20B44A31FCEB0EB001347F5 /* Rocker.h */ = {isa = PBXFileReference; lastKnownFileType = sourcecode.c.h; path = Rocker.h; sourceTree = "<group>"; };
		F20B44A41FCEB0EB001347F5 /* Rocker.m */ = {isa = PBXFileReference; lastKnownFileType = sourcecode.c.objc; path = Rocker.m; sourceTree = "<group>"; };
		F20B44A61FCEC008001347F5 /* Animation.pch */ = {isa = PBXFileReference; lastKnownFileType = sourcecode.c.h; path = Animation.pch; sourceTree = "<group>"; };
		F23AD86A1FBD7821004BA1F6 /* LoadAnimation.app */ = {isa = PBXFileReference; explicitFileType = wrapper.application; includeInIndex = 0; path = LoadAnimation.app; sourceTree = BUILT_PRODUCTS_DIR; };
		F23AD86D1FBD7821004BA1F6 /* AppDelegate.h */ = {isa = PBXFileReference; lastKnownFileType = sourcecode.c.h; path = AppDelegate.h; sourceTree = "<group>"; };
		F23AD86E1FBD7821004BA1F6 /* AppDelegate.m */ = {isa = PBXFileReference; lastKnownFileType = sourcecode.c.objc; path = AppDelegate.m; sourceTree = "<group>"; };
		F23AD8701FBD7821004BA1F6 /* ViewController.h */ = {isa = PBXFileReference; lastKnownFileType = sourcecode.c.h; path = ViewController.h; sourceTree = "<group>"; };
		F23AD8711FBD7821004BA1F6 /* ViewController.m */ = {isa = PBXFileReference; lastKnownFileType = sourcecode.c.objc; path = ViewController.m; sourceTree = "<group>"; };
		F23AD8741FBD7821004BA1F6 /* Base */ = {isa = PBXFileReference; lastKnownFileType = file.storyboard; name = Base; path = Base.lproj/Main.storyboard; sourceTree = "<group>"; };
		F23AD8761FBD7821004BA1F6 /* Assets.xcassets */ = {isa = PBXFileReference; lastKnownFileType = folder.assetcatalog; path = Assets.xcassets; sourceTree = "<group>"; };
		F23AD8791FBD7821004BA1F6 /* Base */ = {isa = PBXFileReference; lastKnownFileType = file.storyboard; name = Base; path = Base.lproj/LaunchScreen.storyboard; sourceTree = "<group>"; };
		F23AD87B1FBD7821004BA1F6 /* Info.plist */ = {isa = PBXFileReference; lastKnownFileType = text.plist.xml; path = Info.plist; sourceTree = "<group>"; };
		F23AD87C1FBD7821004BA1F6 /* main.m */ = {isa = PBXFileReference; lastKnownFileType = sourcecode.c.objc; path = main.m; sourceTree = "<group>"; };
		F23AD8821FBD7821004BA1F6 /* LoadAnimationTests.xctest */ = {isa = PBXFileReference; explicitFileType = wrapper.cfbundle; includeInIndex = 0; path = LoadAnimationTests.xctest; sourceTree = BUILT_PRODUCTS_DIR; };
		F23AD8861FBD7821004BA1F6 /* LoadAnimationTests.m */ = {isa = PBXFileReference; lastKnownFileType = sourcecode.c.objc; path = LoadAnimationTests.m; sourceTree = "<group>"; };
		F23AD8881FBD7821004BA1F6 /* Info.plist */ = {isa = PBXFileReference; lastKnownFileType = text.plist.xml; path = Info.plist; sourceTree = "<group>"; };
		F23AD88D1FBD7821004BA1F6 /* LoadAnimationUITests.xctest */ = {isa = PBXFileReference; explicitFileType = wrapper.cfbundle; includeInIndex = 0; path = LoadAnimationUITests.xctest; sourceTree = BUILT_PRODUCTS_DIR; };
		F23AD8911FBD7821004BA1F6 /* LoadAnimationUITests.m */ = {isa = PBXFileReference; lastKnownFileType = sourcecode.c.objc; path = LoadAnimationUITests.m; sourceTree = "<group>"; };
		F23AD8931FBD7821004BA1F6 /* Info.plist */ = {isa = PBXFileReference; lastKnownFileType = text.plist.xml; path = Info.plist; sourceTree = "<group>"; };
		F23AD8A41FBD80F2004BA1F6 /* LoadAnimateView.h */ = {isa = PBXFileReference; fileEncoding = 4; lastKnownFileType = sourcecode.c.h; path = LoadAnimateView.h; sourceTree = "<group>"; };
		F23AD8A51FBD80F2004BA1F6 /* LoadAnimateView.m */ = {isa = PBXFileReference; fileEncoding = 4; lastKnownFileType = sourcecode.c.objc; path = LoadAnimateView.m; sourceTree = "<group>"; };
		F23AD8CD1FBD8377004BA1F6 /* YYWeakProxy.m */ = {isa = PBXFileReference; fileEncoding = 4; lastKnownFileType = sourcecode.c.objc; path = YYWeakProxy.m; sourceTree = "<group>"; };
		F23AD8CE1FBD8377004BA1F6 /* YYWeakProxy.h */ = {isa = PBXFileReference; fileEncoding = 4; lastKnownFileType = sourcecode.c.h; path = YYWeakProxy.h; sourceTree = "<group>"; };
		F23AD8D11FBD8AB3004BA1F6 /* MASCompositeConstraint.h */ = {isa = PBXFileReference; fileEncoding = 4; lastKnownFileType = sourcecode.c.h; path = MASCompositeConstraint.h; sourceTree = "<group>"; };
		F23AD8D21FBD8AB3004BA1F6 /* NSLayoutConstraint+MASDebugAdditions.m */ = {isa = PBXFileReference; fileEncoding = 4; lastKnownFileType = sourcecode.c.objc; path = "NSLayoutConstraint+MASDebugAdditions.m"; sourceTree = "<group>"; };
		F23AD8D31FBD8AB3004BA1F6 /* MASConstraint+Private.h */ = {isa = PBXFileReference; fileEncoding = 4; lastKnownFileType = sourcecode.c.h; path = "MASConstraint+Private.h"; sourceTree = "<group>"; };
		F23AD8D41FBD8AB3004BA1F6 /* MASLayoutConstraint.h */ = {isa = PBXFileReference; fileEncoding = 4; lastKnownFileType = sourcecode.c.h; path = MASLayoutConstraint.h; sourceTree = "<group>"; };
		F23AD8D51FBD8AB3004BA1F6 /* NSArray+MASShorthandAdditions.h */ = {isa = PBXFileReference; fileEncoding = 4; lastKnownFileType = sourcecode.c.h; path = "NSArray+MASShorthandAdditions.h"; sourceTree = "<group>"; };
		F23AD8D61FBD8AB3004BA1F6 /* MASConstraintMaker.h */ = {isa = PBXFileReference; fileEncoding = 4; lastKnownFileType = sourcecode.c.h; path = MASConstraintMaker.h; sourceTree = "<group>"; };
		F23AD8D71FBD8AB3004BA1F6 /* View+MASAdditions.h */ = {isa = PBXFileReference; fileEncoding = 4; lastKnownFileType = sourcecode.c.h; path = "View+MASAdditions.h"; sourceTree = "<group>"; };
		F23AD8D81FBD8AB3004BA1F6 /* NSArray+MASAdditions.h */ = {isa = PBXFileReference; fileEncoding = 4; lastKnownFileType = sourcecode.c.h; path = "NSArray+MASAdditions.h"; sourceTree = "<group>"; };
		F23AD8D91FBD8AB3004BA1F6 /* MASUtilities.h */ = {isa = PBXFileReference; fileEncoding = 4; lastKnownFileType = sourcecode.c.h; path = MASUtilities.h; sourceTree = "<group>"; };
		F23AD8DA1FBD8AB3004BA1F6 /* MASViewAttribute.h */ = {isa = PBXFileReference; fileEncoding = 4; lastKnownFileType = sourcecode.c.h; path = MASViewAttribute.h; sourceTree = "<group>"; };
		F23AD8DB1FBD8AB3004BA1F6 /* ViewController+MASAdditions.m */ = {isa = PBXFileReference; fileEncoding = 4; lastKnownFileType = sourcecode.c.objc; path = "ViewController+MASAdditions.m"; sourceTree = "<group>"; };
		F23AD8DC1FBD8AB3004BA1F6 /* MASViewConstraint.h */ = {isa = PBXFileReference; fileEncoding = 4; lastKnownFileType = sourcecode.c.h; path = MASViewConstraint.h; sourceTree = "<group>"; };
		F23AD8DD1FBD8AB3004BA1F6 /* MASConstraint.h */ = {isa = PBXFileReference; fileEncoding = 4; lastKnownFileType = sourcecode.c.h; path = MASConstraint.h; sourceTree = "<group>"; };
		F23AD8DE1FBD8AB3004BA1F6 /* NSLayoutConstraint+MASDebugAdditions.h */ = {isa = PBXFileReference; fileEncoding = 4; lastKnownFileType = sourcecode.c.h; path = "NSLayoutConstraint+MASDebugAdditions.h"; sourceTree = "<group>"; };
		F23AD8DF1FBD8AB3004BA1F6 /* MASCompositeConstraint.m */ = {isa = PBXFileReference; fileEncoding = 4; lastKnownFileType = sourcecode.c.objc; path = MASCompositeConstraint.m; sourceTree = "<group>"; };
		F23AD8E01FBD8AB3004BA1F6 /* MASConstraintMaker.m */ = {isa = PBXFileReference; fileEncoding = 4; lastKnownFileType = sourcecode.c.objc; path = MASConstraintMaker.m; sourceTree = "<group>"; };
		F23AD8E11FBD8AB3004BA1F6 /* MASLayoutConstraint.m */ = {isa = PBXFileReference; fileEncoding = 4; lastKnownFileType = sourcecode.c.objc; path = MASLayoutConstraint.m; sourceTree = "<group>"; };
		F23AD8E21FBD8AB3004BA1F6 /* NSArray+MASAdditions.m */ = {isa = PBXFileReference; fileEncoding = 4; lastKnownFileType = sourcecode.c.objc; path = "NSArray+MASAdditions.m"; sourceTree = "<group>"; };
		F23AD8E31FBD8AB3004BA1F6 /* View+MASAdditions.m */ = {isa = PBXFileReference; fileEncoding = 4; lastKnownFileType = sourcecode.c.objc; path = "View+MASAdditions.m"; sourceTree = "<group>"; };
		F23AD8E41FBD8AB3004BA1F6 /* View+MASShorthandAdditions.h */ = {isa = PBXFileReference; fileEncoding = 4; lastKnownFileType = sourcecode.c.h; path = "View+MASShorthandAdditions.h"; sourceTree = "<group>"; };
		F23AD8E51FBD8AB3004BA1F6 /* Masonry.h */ = {isa = PBXFileReference; fileEncoding = 4; lastKnownFileType = sourcecode.c.h; path = Masonry.h; sourceTree = "<group>"; };
		F23AD8E61FBD8AB3004BA1F6 /* MASConstraint.m */ = {isa = PBXFileReference; fileEncoding = 4; lastKnownFileType = sourcecode.c.objc; path = MASConstraint.m; sourceTree = "<group>"; };
		F23AD8E71FBD8AB3004BA1F6 /* ViewController+MASAdditions.h */ = {isa = PBXFileReference; fileEncoding = 4; lastKnownFileType = sourcecode.c.h; path = "ViewController+MASAdditions.h"; sourceTree = "<group>"; };
		F23AD8E81FBD8AB3004BA1F6 /* MASViewConstraint.m */ = {isa = PBXFileReference; fileEncoding = 4; lastKnownFileType = sourcecode.c.objc; path = MASViewConstraint.m; sourceTree = "<group>"; };
		F23AD8E91FBD8AB3004BA1F6 /* MASViewAttribute.m */ = {isa = PBXFileReference; fileEncoding = 4; lastKnownFileType = sourcecode.c.objc; path = MASViewAttribute.m; sourceTree = "<group>"; };
		F25319501FCCFA830094CFBA /* RockerView.h */ = {isa = PBXFileReference; lastKnownFileType = sourcecode.c.h; path = RockerView.h; sourceTree = "<group>"; };
		F25319511FCCFA830094CFBA /* RockerView.m */ = {isa = PBXFileReference; lastKnownFileType = sourcecode.c.objc; path = RockerView.m; sourceTree = "<group>"; };
		F25319531FCD30710094CFBA /* RockerView.xib */ = {isa = PBXFileReference; lastKnownFileType = file.xib; path = RockerView.xib; sourceTree = "<group>"; };
/* End PBXFileReference section */

/* Begin PBXFrameworksBuildPhase section */
		F23AD8671FBD7821004BA1F6 /* Frameworks */ = {
			isa = PBXFrameworksBuildPhase;
			buildActionMask = 2147483647;
			files = (
			);
			runOnlyForDeploymentPostprocessing = 0;
		};
		F23AD87F1FBD7821004BA1F6 /* Frameworks */ = {
			isa = PBXFrameworksBuildPhase;
			buildActionMask = 2147483647;
			files = (
			);
			runOnlyForDeploymentPostprocessing = 0;
		};
		F23AD88A1FBD7821004BA1F6 /* Frameworks */ = {
			isa = PBXFrameworksBuildPhase;
			buildActionMask = 2147483647;
			files = (
			);
			runOnlyForDeploymentPostprocessing = 0;
		};
/* End PBXFrameworksBuildPhase section */

/* Begin PBXGroup section */
		F20B44871FCEAD65001347F5 /* CardAnimation */ = {
			isa = PBXGroup;
			children = (
				F20B44881FCEADEF001347F5 /* Controller */,
				F20B44891FCEADEF001347F5 /* Model */,
				F20B448A1FCEADEF001347F5 /* View */,
			);
			path = CardAnimation;
			sourceTree = "<group>";
		};
		F20B44881FCEADEF001347F5 /* Controller */ = {
			isa = PBXGroup;
			children = (
				F20B448B1FCEAE05001347F5 /* CardFirstVC.h */,
				F20B448C1FCEAE05001347F5 /* CardFirstVC.m */,
				F20B448E1FCEAE13001347F5 /* SecondViewController.h */,
				F20B448F1FCEAE13001347F5 /* SecondViewController.m */,
			);
			path = Controller;
			sourceTree = "<group>";
		};
		F20B44891FCEADEF001347F5 /* Model */ = {
			isa = PBXGroup;
			children = (
				F20B44911FCEAF94001347F5 /* CardFlowLayout.h */,
				F20B44921FCEAF94001347F5 /* CardFlowLayout.m */,
				F20B44941FCEAFE8001347F5 /* CardTransition.h */,
				F20B44951FCEAFE8001347F5 /* CardTransition.m */,
			);
			path = Model;
			sourceTree = "<group>";
		};
		F20B448A1FCEADEF001347F5 /* View */ = {
			isa = PBXGroup;
			children = (
				F20B44971FCEB019001347F5 /* CardScrollView.h */,
				F20B44981FCEB019001347F5 /* CardScrollView.m */,
				F20B449A1FCEB03B001347F5 /* CardCell.h */,
				F20B449B1FCEB03B001347F5 /* CardCell.m */,
				F20B449D1FCEB066001347F5 /* CardStarView.h */,
				F20B449E1FCEB066001347F5 /* CardStarView.m */,
			);
			path = View;
			sourceTree = "<group>";
		};
		F23AD8611FBD7821004BA1F6 = {
			isa = PBXGroup;
			children = (
				F23AD86C1FBD7821004BA1F6 /* LoadAnimation */,
				F23AD8851FBD7821004BA1F6 /* LoadAnimationTests */,
				F23AD8901FBD7821004BA1F6 /* LoadAnimationUITests */,
				F23AD86B1FBD7821004BA1F6 /* Products */,
			);
			sourceTree = "<group>";
		};
		F23AD86B1FBD7821004BA1F6 /* Products */ = {
			isa = PBXGroup;
			children = (
				F23AD86A1FBD7821004BA1F6 /* LoadAnimation.app */,
				F23AD8821FBD7821004BA1F6 /* LoadAnimationTests.xctest */,
				F23AD88D1FBD7821004BA1F6 /* LoadAnimationUITests.xctest */,
			);
			name = Products;
			sourceTree = "<group>";
		};
		F23AD86C1FBD7821004BA1F6 /* LoadAnimation */ = {
			isa = PBXGroup;
			children = (
				F20B44871FCEAD65001347F5 /* CardAnimation */,
				F253194F1FCCFA650094CFBA /* Rocker */,
				F23AD8A21FBD80F2004BA1F6 /* AnimateLib */,
				F23AD86D1FBD7821004BA1F6 /* AppDelegate.h */,
				F23AD86E1FBD7821004BA1F6 /* AppDelegate.m */,
				F23AD8701FBD7821004BA1F6 /* ViewController.h */,
				F23AD8711FBD7821004BA1F6 /* ViewController.m */,
				F20B44A61FCEC008001347F5 /* Animation.pch */,
				F23AD8731FBD7821004BA1F6 /* Main.storyboard */,
				F23AD8761FBD7821004BA1F6 /* Assets.xcassets */,
				F23AD8781FBD7821004BA1F6 /* LaunchScreen.storyboard */,
				F23AD87B1FBD7821004BA1F6 /* Info.plist */,
				F23AD87C1FBD7821004BA1F6 /* main.m */,
			);
			path = LoadAnimation;
			sourceTree = "<group>";
		};
		F23AD8851FBD7821004BA1F6 /* LoadAnimationTests */ = {
			isa = PBXGroup;
			children = (
				F23AD8861FBD7821004BA1F6 /* LoadAnimationTests.m */,
				F23AD8881FBD7821004BA1F6 /* Info.plist */,
			);
			path = LoadAnimationTests;
			sourceTree = "<group>";
		};
		F23AD8901FBD7821004BA1F6 /* LoadAnimationUITests */ = {
			isa = PBXGroup;
			children = (
				F23AD8911FBD7821004BA1F6 /* LoadAnimationUITests.m */,
				F23AD8931FBD7821004BA1F6 /* Info.plist */,
			);
			path = LoadAnimationUITests;
			sourceTree = "<group>";
		};
		F23AD8A21FBD80F2004BA1F6 /* AnimateLib */ = {
			isa = PBXGroup;
			children = (
				F23AD8CC1FBD8377004BA1F6 /* Tool */,
				F23AD8A31FBD80F2004BA1F6 /* Animate */,
				F23AD8A61FBD80F2004BA1F6 /* Vender */,
				F20B44A01FCEB0CD001347F5 /* Pilot.h */,
				F20B44A11FCEB0CD001347F5 /* Pilot.m */,
			);
			path = AnimateLib;
			sourceTree = "<group>";
		};
		F23AD8A31FBD80F2004BA1F6 /* Animate */ = {
			isa = PBXGroup;
			children = (
				F23AD8A41FBD80F2004BA1F6 /* LoadAnimateView.h */,
				F23AD8A51FBD80F2004BA1F6 /* LoadAnimateView.m */,
			);
			path = Animate;
			sourceTree = "<group>";
		};
		F23AD8A61FBD80F2004BA1F6 /* Vender */ = {
			isa = PBXGroup;
			children = (
				F23AD8D01FBD8AB3004BA1F6 /* Masonry */,
			);
			path = Vender;
			sourceTree = "<group>";
		};
		F23AD8CC1FBD8377004BA1F6 /* Tool */ = {
			isa = PBXGroup;
			children = (
				F23AD8CE1FBD8377004BA1F6 /* YYWeakProxy.h */,
				F23AD8CD1FBD8377004BA1F6 /* YYWeakProxy.m */,
			);
			path = Tool;
			sourceTree = "<group>";
		};
		F23AD8D01FBD8AB3004BA1F6 /* Masonry */ = {
			isa = PBXGroup;
			children = (
				F23AD8D11FBD8AB3004BA1F6 /* MASCompositeConstraint.h */,
				F23AD8D21FBD8AB3004BA1F6 /* NSLayoutConstraint+MASDebugAdditions.m */,
				F23AD8D31FBD8AB3004BA1F6 /* MASConstraint+Private.h */,
				F23AD8D41FBD8AB3004BA1F6 /* MASLayoutConstraint.h */,
				F23AD8D51FBD8AB3004BA1F6 /* NSArray+MASShorthandAdditions.h */,
				F23AD8D61FBD8AB3004BA1F6 /* MASConstraintMaker.h */,
				F23AD8D71FBD8AB3004BA1F6 /* View+MASAdditions.h */,
				F23AD8D81FBD8AB3004BA1F6 /* NSArray+MASAdditions.h */,
				F23AD8D91FBD8AB3004BA1F6 /* MASUtilities.h */,
				F23AD8DA1FBD8AB3004BA1F6 /* MASViewAttribute.h */,
				F23AD8DB1FBD8AB3004BA1F6 /* ViewController+MASAdditions.m */,
				F23AD8DC1FBD8AB3004BA1F6 /* MASViewConstraint.h */,
				F23AD8DD1FBD8AB3004BA1F6 /* MASConstraint.h */,
				F23AD8DE1FBD8AB3004BA1F6 /* NSLayoutConstraint+MASDebugAdditions.h */,
				F23AD8DF1FBD8AB3004BA1F6 /* MASCompositeConstraint.m */,
				F23AD8E01FBD8AB3004BA1F6 /* MASConstraintMaker.m */,
				F23AD8E11FBD8AB3004BA1F6 /* MASLayoutConstraint.m */,
				F23AD8E21FBD8AB3004BA1F6 /* NSArray+MASAdditions.m */,
				F23AD8E31FBD8AB3004BA1F6 /* View+MASAdditions.m */,
				F23AD8E41FBD8AB3004BA1F6 /* View+MASShorthandAdditions.h */,
				F23AD8E51FBD8AB3004BA1F6 /* Masonry.h */,
				F23AD8E61FBD8AB3004BA1F6 /* MASConstraint.m */,
				F23AD8E71FBD8AB3004BA1F6 /* ViewController+MASAdditions.h */,
				F23AD8E81FBD8AB3004BA1F6 /* MASViewConstraint.m */,
				F23AD8E91FBD8AB3004BA1F6 /* MASViewAttribute.m */,
			);
			path = Masonry;
			sourceTree = "<group>";
		};
		F253194F1FCCFA650094CFBA /* Rocker */ = {
			isa = PBXGroup;
			children = (
				F25319501FCCFA830094CFBA /* RockerView.h */,
				F25319511FCCFA830094CFBA /* RockerView.m */,
				F25319531FCD30710094CFBA /* RockerView.xib */,
				F20B44A31FCEB0EB001347F5 /* Rocker.h */,
				F20B44A41FCEB0EB001347F5 /* Rocker.m */,
			);
			path = Rocker;
			sourceTree = "<group>";
		};
/* End PBXGroup section */

/* Begin PBXNativeTarget section */
		F23AD8691FBD7821004BA1F6 /* LoadAnimation */ = {
			isa = PBXNativeTarget;
			buildConfigurationList = F23AD8961FBD7821004BA1F6 /* Build configuration list for PBXNativeTarget "LoadAnimation" */;
			buildPhases = (
				F23AD8661FBD7821004BA1F6 /* Sources */,
				F23AD8671FBD7821004BA1F6 /* Frameworks */,
				F23AD8681FBD7821004BA1F6 /* Resources */,
			);
			buildRules = (
			);
			dependencies = (
			);
			name = LoadAnimation;
			productName = LoadAnimation;
			productReference = F23AD86A1FBD7821004BA1F6 /* LoadAnimation.app */;
			productType = "com.apple.product-type.application";
		};
		F23AD8811FBD7821004BA1F6 /* LoadAnimationTests */ = {
			isa = PBXNativeTarget;
			buildConfigurationList = F23AD8991FBD7821004BA1F6 /* Build configuration list for PBXNativeTarget "LoadAnimationTests" */;
			buildPhases = (
				F23AD87E1FBD7821004BA1F6 /* Sources */,
				F23AD87F1FBD7821004BA1F6 /* Frameworks */,
				F23AD8801FBD7821004BA1F6 /* Resources */,
			);
			buildRules = (
			);
			dependencies = (
				F23AD8841FBD7821004BA1F6 /* PBXTargetDependency */,
			);
			name = LoadAnimationTests;
			productName = LoadAnimationTests;
			productReference = F23AD8821FBD7821004BA1F6 /* LoadAnimationTests.xctest */;
			productType = "com.apple.product-type.bundle.unit-test";
		};
		F23AD88C1FBD7821004BA1F6 /* LoadAnimationUITests */ = {
			isa = PBXNativeTarget;
			buildConfigurationList = F23AD89C1FBD7821004BA1F6 /* Build configuration list for PBXNativeTarget "LoadAnimationUITests" */;
			buildPhases = (
				F23AD8891FBD7821004BA1F6 /* Sources */,
				F23AD88A1FBD7821004BA1F6 /* Frameworks */,
				F23AD88B1FBD7821004BA1F6 /* Resources */,
			);
			buildRules = (
			);
			dependencies = (
				F23AD88F1FBD7821004BA1F6 /* PBXTargetDependency */,
			);
			name = LoadAnimationUITests;
			productName = LoadAnimationUITests;
			productReference = F23AD88D1FBD7821004BA1F6 /* LoadAnimationUITests.xctest */;
			productType = "com.apple.product-type.bundle.ui-testing";
		};
/* End PBXNativeTarget section */

/* Begin PBXProject section */
		F23AD8621FBD7821004BA1F6 /* Project object */ = {
			isa = PBXProject;
			attributes = {
				LastUpgradeCheck = 0910;
				ORGANIZATIONNAME = "Yehua Gao";
				TargetAttributes = {
					F23AD8691FBD7821004BA1F6 = {
						CreatedOnToolsVersion = 9.1;
						ProvisioningStyle = Automatic;
					};
					F23AD8811FBD7821004BA1F6 = {
						CreatedOnToolsVersion = 9.1;
						ProvisioningStyle = Automatic;
						TestTargetID = F23AD8691FBD7821004BA1F6;
					};
					F23AD88C1FBD7821004BA1F6 = {
						CreatedOnToolsVersion = 9.1;
						ProvisioningStyle = Automatic;
						TestTargetID = F23AD8691FBD7821004BA1F6;
					};
				};
			};
			buildConfigurationList = F23AD8651FBD7821004BA1F6 /* Build configuration list for PBXProject "LoadAnimation" */;
			compatibilityVersion = "Xcode 8.0";
			developmentRegion = en;
			hasScannedForEncodings = 0;
			knownRegions = (
				en,
				Base,
			);
			mainGroup = F23AD8611FBD7821004BA1F6;
			productRefGroup = F23AD86B1FBD7821004BA1F6 /* Products */;
			projectDirPath = "";
			projectRoot = "";
			targets = (
				F23AD8691FBD7821004BA1F6 /* LoadAnimation */,
				F23AD8811FBD7821004BA1F6 /* LoadAnimationTests */,
				F23AD88C1FBD7821004BA1F6 /* LoadAnimationUITests */,
			);
		};
/* End PBXProject section */

/* Begin PBXResourcesBuildPhase section */
		F23AD8681FBD7821004BA1F6 /* Resources */ = {
			isa = PBXResourcesBuildPhase;
			buildActionMask = 2147483647;
			files = (
				F25319541FCD30710094CFBA /* RockerView.xib in Resources */,
				F23AD87A1FBD7821004BA1F6 /* LaunchScreen.storyboard in Resources */,
				F23AD8771FBD7821004BA1F6 /* Assets.xcassets in Resources */,
				F23AD8751FBD7821004BA1F6 /* Main.storyboard in Resources */,
			);
			runOnlyForDeploymentPostprocessing = 0;
		};
		F23AD8801FBD7821004BA1F6 /* Resources */ = {
			isa = PBXResourcesBuildPhase;
			buildActionMask = 2147483647;
			files = (
			);
			runOnlyForDeploymentPostprocessing = 0;
		};
		F23AD88B1FBD7821004BA1F6 /* Resources */ = {
			isa = PBXResourcesBuildPhase;
			buildActionMask = 2147483647;
			files = (
			);
			runOnlyForDeploymentPostprocessing = 0;
		};
/* End PBXResourcesBuildPhase section */

/* Begin PBXSourcesBuildPhase section */
		F23AD8661FBD7821004BA1F6 /* Sources */ = {
			isa = PBXSourcesBuildPhase;
			buildActionMask = 2147483647;
			files = (
				F20B44901FCEAE13001347F5 /* SecondViewController.m in Sources */,
				F20B44931FCEAF94001347F5 /* CardFlowLayout.m in Sources */,
				F23AD8721FBD7821004BA1F6 /* ViewController.m in Sources */,
				F23AD87D1FBD7821004BA1F6 /* main.m in Sources */,
				F20B44A51FCEB0EB001347F5 /* Rocker.m in Sources */,
				F23AD8EE1FBD8AB3004BA1F6 /* MASLayoutConstraint.m in Sources */,
				F23AD8C11FBD80F2004BA1F6 /* LoadAnimateView.m in Sources */,
				F23AD86F1FBD7821004BA1F6 /* AppDelegate.m in Sources */,
				F23AD8F31FBD8AB3004BA1F6 /* MASViewAttribute.m in Sources */,
				F23AD8EF1FBD8AB3004BA1F6 /* NSArray+MASAdditions.m in Sources */,
				F20B449C1FCEB03B001347F5 /* CardCell.m in Sources */,
				F23AD8EC1FBD8AB3004BA1F6 /* MASCompositeConstraint.m in Sources */,
				F25319521FCCFA830094CFBA /* RockerView.m in Sources */,
				F23AD8ED1FBD8AB3004BA1F6 /* MASConstraintMaker.m in Sources */,
				F20B44961FCEAFE8001347F5 /* CardTransition.m in Sources */,
				F23AD8F01FBD8AB3004BA1F6 /* View+MASAdditions.m in Sources */,
				F23AD8EB1FBD8AB3004BA1F6 /* ViewController+MASAdditions.m in Sources */,
				F20B448D1FCEAE05001347F5 /* CardFirstVC.m in Sources */,
				F23AD8CF1FBD8377004BA1F6 /* YYWeakProxy.m in Sources */,
				F20B44A21FCEB0CD001347F5 /* Pilot.m in Sources */,
				F20B449F1FCEB066001347F5 /* CardStarView.m in Sources */,
				F23AD8F21FBD8AB3004BA1F6 /* MASViewConstraint.m in Sources */,
				F23AD8EA1FBD8AB3004BA1F6 /* NSLayoutConstraint+MASDebugAdditions.m in Sources */,
				F20B44991FCEB019001347F5 /* CardScrollView.m in Sources */,
				F23AD8F11FBD8AB3004BA1F6 /* MASConstraint.m in Sources */,
			);
			runOnlyForDeploymentPostprocessing = 0;
		};
		F23AD87E1FBD7821004BA1F6 /* Sources */ = {
			isa = PBXSourcesBuildPhase;
			buildActionMask = 2147483647;
			files = (
				F23AD8871FBD7821004BA1F6 /* LoadAnimationTests.m in Sources */,
			);
			runOnlyForDeploymentPostprocessing = 0;
		};
		F23AD8891FBD7821004BA1F6 /* Sources */ = {
			isa = PBXSourcesBuildPhase;
			buildActionMask = 2147483647;
			files = (
				F23AD8921FBD7821004BA1F6 /* LoadAnimationUITests.m in Sources */,
			);
			runOnlyForDeploymentPostprocessing = 0;
		};
/* End PBXSourcesBuildPhase section */

/* Begin PBXTargetDependency section */
		F23AD8841FBD7821004BA1F6 /* PBXTargetDependency */ = {
			isa = PBXTargetDependency;
			target = F23AD8691FBD7821004BA1F6 /* LoadAnimation */;
			targetProxy = F23AD8831FBD7821004BA1F6 /* PBXContainerItemProxy */;
		};
		F23AD88F1FBD7821004BA1F6 /* PBXTargetDependency */ = {
			isa = PBXTargetDependency;
			target = F23AD8691FBD7821004BA1F6 /* LoadAnimation */;
			targetProxy = F23AD88E1FBD7821004BA1F6 /* PBXContainerItemProxy */;
		};
/* End PBXTargetDependency section */

/* Begin PBXVariantGroup section */
		F23AD8731FBD7821004BA1F6 /* Main.storyboard */ = {
			isa = PBXVariantGroup;
			children = (
				F23AD8741FBD7821004BA1F6 /* Base */,
			);
			name = Main.storyboard;
			sourceTree = "<group>";
		};
		F23AD8781FBD7821004BA1F6 /* LaunchScreen.storyboard */ = {
			isa = PBXVariantGroup;
			children = (
				F23AD8791FBD7821004BA1F6 /* Base */,
			);
			name = LaunchScreen.storyboard;
			sourceTree = "<group>";
		};
/* End PBXVariantGroup section */

/* Begin XCBuildConfiguration section */
		F23AD8941FBD7821004BA1F6 /* Debug */ = {
			isa = XCBuildConfiguration;
			buildSettings = {
				ALWAYS_SEARCH_USER_PATHS = NO;
				CLANG_ANALYZER_NONNULL = YES;
				CLANG_ANALYZER_NUMBER_OBJECT_CONVERSION = YES_AGGRESSIVE;
				CLANG_CXX_LANGUAGE_STANDARD = "gnu++14";
				CLANG_CXX_LIBRARY = "libc++";
				CLANG_ENABLE_MODULES = YES;
				CLANG_ENABLE_OBJC_ARC = YES;
				CLANG_WARN_BLOCK_CAPTURE_AUTORELEASING = YES;
				CLANG_WARN_BOOL_CONVERSION = YES;
				CLANG_WARN_COMMA = YES;
				CLANG_WARN_CONSTANT_CONVERSION = YES;
				CLANG_WARN_DIRECT_OBJC_ISA_USAGE = YES_ERROR;
				CLANG_WARN_DOCUMENTATION_COMMENTS = YES;
				CLANG_WARN_EMPTY_BODY = YES;
				CLANG_WARN_ENUM_CONVERSION = YES;
				CLANG_WARN_INFINITE_RECURSION = YES;
				CLANG_WARN_INT_CONVERSION = YES;
				CLANG_WARN_NON_LITERAL_NULL_CONVERSION = YES;
				CLANG_WARN_OBJC_LITERAL_CONVERSION = YES;
				CLANG_WARN_OBJC_ROOT_CLASS = YES_ERROR;
				CLANG_WARN_RANGE_LOOP_ANALYSIS = YES;
				CLANG_WARN_STRICT_PROTOTYPES = YES;
				CLANG_WARN_SUSPICIOUS_MOVE = YES;
				CLANG_WARN_UNGUARDED_AVAILABILITY = YES_AGGRESSIVE;
				CLANG_WARN_UNREACHABLE_CODE = YES;
				CLANG_WARN__DUPLICATE_METHOD_MATCH = YES;
				CODE_SIGN_IDENTITY = "iPhone Developer";
				COPY_PHASE_STRIP = NO;
				DEBUG_INFORMATION_FORMAT = dwarf;
				ENABLE_STRICT_OBJC_MSGSEND = YES;
				ENABLE_TESTABILITY = YES;
				GCC_C_LANGUAGE_STANDARD = gnu11;
				GCC_DYNAMIC_NO_PIC = NO;
				GCC_NO_COMMON_BLOCKS = YES;
				GCC_OPTIMIZATION_LEVEL = 0;
				GCC_PREPROCESSOR_DEFINITIONS = (
					"DEBUG=1",
					"$(inherited)",
				);
				GCC_WARN_64_TO_32_BIT_CONVERSION = YES;
				GCC_WARN_ABOUT_RETURN_TYPE = YES_ERROR;
				GCC_WARN_UNDECLARED_SELECTOR = YES;
				GCC_WARN_UNINITIALIZED_AUTOS = YES_AGGRESSIVE;
				GCC_WARN_UNUSED_FUNCTION = YES;
				GCC_WARN_UNUSED_VARIABLE = YES;
				IPHONEOS_DEPLOYMENT_TARGET = 11.1;
				MTL_ENABLE_DEBUG_INFO = YES;
				ONLY_ACTIVE_ARCH = YES;
				SDKROOT = iphoneos;
			};
			name = Debug;
		};
		F23AD8951FBD7821004BA1F6 /* Release */ = {
			isa = XCBuildConfiguration;
			buildSettings = {
				ALWAYS_SEARCH_USER_PATHS = NO;
				CLANG_ANALYZER_NONNULL = YES;
				CLANG_ANALYZER_NUMBER_OBJECT_CONVERSION = YES_AGGRESSIVE;
				CLANG_CXX_LANGUAGE_STANDARD = "gnu++14";
				CLANG_CXX_LIBRARY = "libc++";
				CLANG_ENABLE_MODULES = YES;
				CLANG_ENABLE_OBJC_ARC = YES;
				CLANG_WARN_BLOCK_CAPTURE_AUTORELEASING = YES;
				CLANG_WARN_BOOL_CONVERSION = YES;
				CLANG_WARN_COMMA = YES;
				CLANG_WARN_CONSTANT_CONVERSION = YES;
				CLANG_WARN_DIRECT_OBJC_ISA_USAGE = YES_ERROR;
				CLANG_WARN_DOCUMENTATION_COMMENTS = YES;
				CLANG_WARN_EMPTY_BODY = YES;
				CLANG_WARN_ENUM_CONVERSION = YES;
				CLANG_WARN_INFINITE_RECURSION = YES;
				CLANG_WARN_INT_CONVERSION = YES;
				CLANG_WARN_NON_LITERAL_NULL_CONVERSION = YES;
				CLANG_WARN_OBJC_LITERAL_CONVERSION = YES;
				CLANG_WARN_OBJC_ROOT_CLASS = YES_ERROR;
				CLANG_WARN_RANGE_LOOP_ANALYSIS = YES;
				CLANG_WARN_STRICT_PROTOTYPES = YES;
				CLANG_WARN_SUSPICIOUS_MOVE = YES;
				CLANG_WARN_UNGUARDED_AVAILABILITY = YES_AGGRESSIVE;
				CLANG_WARN_UNREACHABLE_CODE = YES;
				CLANG_WARN__DUPLICATE_METHOD_MATCH = YES;
				CODE_SIGN_IDENTITY = "iPhone Developer";
				COPY_PHASE_STRIP = NO;
				DEBUG_INFORMATION_FORMAT = "dwarf-with-dsym";
				ENABLE_NS_ASSERTIONS = NO;
				ENABLE_STRICT_OBJC_MSGSEND = YES;
				GCC_C_LANGUAGE_STANDARD = gnu11;
				GCC_NO_COMMON_BLOCKS = YES;
				GCC_WARN_64_TO_32_BIT_CONVERSION = YES;
				GCC_WARN_ABOUT_RETURN_TYPE = YES_ERROR;
				GCC_WARN_UNDECLARED_SELECTOR = YES;
				GCC_WARN_UNINITIALIZED_AUTOS = YES_AGGRESSIVE;
				GCC_WARN_UNUSED_FUNCTION = YES;
				GCC_WARN_UNUSED_VARIABLE = YES;
				IPHONEOS_DEPLOYMENT_TARGET = 11.1;
				MTL_ENABLE_DEBUG_INFO = NO;
				SDKROOT = iphoneos;
				VALIDATE_PRODUCT = YES;
			};
			name = Release;
		};
		F23AD8971FBD7821004BA1F6 /* Debug */ = {
			isa = XCBuildConfiguration;
			buildSettings = {
				ASSETCATALOG_COMPILER_APPICON_NAME = AppIcon;
				CODE_SIGN_STYLE = Automatic;
				DEVELOPMENT_TEAM = U548S69Z84;
				GCC_PREFIX_HEADER = "$(SRCROOT)/LoadAnimation/Animation.pch";
				INFOPLIST_FILE = LoadAnimation/Info.plist;
				IPHONEOS_DEPLOYMENT_TARGET = 8.0;
				LD_RUNPATH_SEARCH_PATHS = "$(inherited) @executable_path/Frameworks";
				PRODUCT_BUNDLE_IDENTIFIER = com.edg.LoadAnimation;
				PRODUCT_NAME = "$(TARGET_NAME)";
				TARGETED_DEVICE_FAMILY = "1,2";
			};
			name = Debug;
		};
		F23AD8981FBD7821004BA1F6 /* Release */ = {
			isa = XCBuildConfiguration;
			buildSettings = {
				ASSETCATALOG_COMPILER_APPICON_NAME = AppIcon;
				CODE_SIGN_STYLE = Automatic;
				DEVELOPMENT_TEAM = U548S69Z84;
				GCC_PREFIX_HEADER = "$(SRCROOT)/LoadAnimation/Animation.pch";
				INFOPLIST_FILE = LoadAnimation/Info.plist;
				IPHONEOS_DEPLOYMENT_TARGET = 8.0;
				LD_RUNPATH_SEARCH_PATHS = "$(inherited) @executable_path/Frameworks";
				PRODUCT_BUNDLE_IDENTIFIER = com.edg.LoadAnimation;
				PRODUCT_NAME = "$(TARGET_NAME)";
				TARGETED_DEVICE_FAMILY = "1,2";
			};
			name = Release;
		};
		F23AD89A1FBD7821004BA1F6 /* Debug */ = {
			isa = XCBuildConfiguration;
			buildSettings = {
				BUNDLE_LOADER = "$(TEST_HOST)";
				CODE_SIGN_STYLE = Automatic;
				DEVELOPMENT_TEAM = WZ29ULHSK9;
				INFOPLIST_FILE = LoadAnimationTests/Info.plist;
				LD_RUNPATH_SEARCH_PATHS = "$(inherited) @executable_path/Frameworks @loader_path/Frameworks";
				PRODUCT_BUNDLE_IDENTIFIER = com.edg.LoadAnimationTests;
				PRODUCT_NAME = "$(TARGET_NAME)";
				TARGETED_DEVICE_FAMILY = "1,2";
				TEST_HOST = "$(BUILT_PRODUCTS_DIR)/LoadAnimation.app/LoadAnimation";
			};
			name = Debug;
		};
		F23AD89B1FBD7821004BA1F6 /* Release */ = {
			isa = XCBuildConfiguration;
			buildSettings = {
				BUNDLE_LOADER = "$(TEST_HOST)";
				CODE_SIGN_STYLE = Automatic;
				DEVELOPMENT_TEAM = WZ29ULHSK9;
				INFOPLIST_FILE = LoadAnimationTests/Info.plist;
				LD_RUNPATH_SEARCH_PATHS = "$(inherited) @executable_path/Frameworks @loader_path/Frameworks";
				PRODUCT_BUNDLE_IDENTIFIER = com.edg.LoadAnimationTests;
				PRODUCT_NAME = "$(TARGET_NAME)";
				TARGETED_DEVICE_FAMILY = "1,2";
				TEST_HOST = "$(BUILT_PRODUCTS_DIR)/LoadAnimation.app/LoadAnimation";
			};
			name = Release;
		};
		F23AD89D1FBD7821004BA1F6 /* Debug */ = {
			isa = XCBuildConfiguration;
			buildSettings = {
				CODE_SIGN_STYLE = Automatic;
				DEVELOPMENT_TEAM = WZ29ULHSK9;
				INFOPLIST_FILE = LoadAnimationUITests/Info.plist;
				LD_RUNPATH_SEARCH_PATHS = "$(inherited) @executable_path/Frameworks @loader_path/Frameworks";
				PRODUCT_BUNDLE_IDENTIFIER = com.edg.LoadAnimationUITests;
				PRODUCT_NAME = "$(TARGET_NAME)";
				TARGETED_DEVICE_FAMILY = "1,2";
				TEST_TARGET_NAME = LoadAnimation;
			};
			name = Debug;
		};
		F23AD89E1FBD7821004BA1F6 /* Release */ = {
			isa = XCBuildConfiguration;
			buildSettings = {
				CODE_SIGN_STYLE = Automatic;
				DEVELOPMENT_TEAM = WZ29ULHSK9;
				INFOPLIST_FILE = LoadAnimationUITests/Info.plist;
				LD_RUNPATH_SEARCH_PATHS = "$(inherited) @executable_path/Frameworks @loader_path/Frameworks";
				PRODUCT_BUNDLE_IDENTIFIER = com.edg.LoadAnimationUITests;
				PRODUCT_NAME = "$(TARGET_NAME)";
				TARGETED_DEVICE_FAMILY = "1,2";
				TEST_TARGET_NAME = LoadAnimation;
			};
			name = Release;
		};
/* End XCBuildConfiguration section */

/* Begin XCConfigurationList section */
		F23AD8651FBD7821004BA1F6 /* Build configuration list for PBXProject "LoadAnimation" */ = {
			isa = XCConfigurationList;
			buildConfigurations = (
				F23AD8941FBD7821004BA1F6 /* Debug */,
				F23AD8951FBD7821004BA1F6 /* Release */,
			);
			defaultConfigurationIsVisible = 0;
			defaultConfigurationName = Release;
		};
		F23AD8961FBD7821004BA1F6 /* Build configuration list for PBXNativeTarget "LoadAnimation" */ = {
			isa = XCConfigurationList;
			buildConfigurations = (
				F23AD8971FBD7821004BA1F6 /* Debug */,
				F23AD8981FBD7821004BA1F6 /* Release */,
			);
			defaultConfigurationIsVisible = 0;
			defaultConfigurationName = Release;
		};
		F23AD8991FBD7821004BA1F6 /* Build configuration list for PBXNativeTarget "LoadAnimationTests" */ = {
			isa = XCConfigurationList;
			buildConfigurations = (
				F23AD89A1FBD7821004BA1F6 /* Debug */,
				F23AD89B1FBD7821004BA1F6 /* Release */,
			);
			defaultConfigurationIsVisible = 0;
			defaultConfigurationName = Release;
		};
		F23AD89C1FBD7821004BA1F6 /* Build configuration list for PBXNativeTarget "LoadAnimationUITests" */ = {
			isa = XCConfigurationList;
			buildConfigurations = (
				F23AD89D1FBD7821004BA1F6 /* Debug */,
				F23AD89E1FBD7821004BA1F6 /* Release */,
			);
			defaultConfigurationIsVisible = 0;
			defaultConfigurationName = Release;
		};
/* End XCConfigurationList section */
	};
	rootObject = F23AD8621FBD7821004BA1F6 /* Project object */;
}
